// !$*UTF8*$!
{
	archiveVersion = 1;
	classes = {
	};
	objectVersion = 46;
	objects = {

/* Begin PBXBuildFile section */
		6713A86D19D90EAC00FFFACC /* main.m in Sources */ = {isa = PBXBuildFile; fileRef = 6713A86C19D90EAC00FFFACC /* main.m */; };
		6713A87019D90EAC00FFFACC /* AppDelegate.m in Sources */ = {isa = PBXBuildFile; fileRef = 6713A86F19D90EAC00FFFACC /* AppDelegate.m */; };
		6713A87919D90EAC00FFFACC /* Main.storyboard in Resources */ = {isa = PBXBuildFile; fileRef = 6713A87719D90EAC00FFFACC /* Main.storyboard */; };
		6713A87B19D90EAC00FFFACC /* Images.xcassets in Resources */ = {isa = PBXBuildFile; fileRef = 6713A87A19D90EAC00FFFACC /* Images.xcassets */; };
		6713A87E19D90EAC00FFFACC /* LaunchScreen.xib in Resources */ = {isa = PBXBuildFile; fileRef = 6713A87C19D90EAC00FFFACC /* LaunchScreen.xib */; };
		6713A88A19D90EAD00FFFACC /* UltimatePracticeTests.m in Sources */ = {isa = PBXBuildFile; fileRef = 6713A88919D90EAD00FFFACC /* UltimatePracticeTests.m */; };
		679AA3B319E4F55100E671CE /* RMDemosViewController.m in Sources */ = {isa = PBXBuildFile; fileRef = 679AA3AF19E4F55100E671CE /* RMDemosViewController.m */; };
		679AA3B419E4F55100E671CE /* RMToolsViewController.m in Sources */ = {isa = PBXBuildFile; fileRef = 679AA3B219E4F55100E671CE /* RMToolsViewController.m */; };
		679AA3B819E519EA00E671CE /* RMLongTouchMoveOrRemoveViewController.m in Sources */ = {isa = PBXBuildFile; fileRef = 679AA3B719E519EA00E671CE /* RMLongTouchMoveOrRemoveViewController.m */; };
		679AA3BA19E51D5D00E671CE /* RMLongTouchMoveOrRemoveViewController.xib in Resources */ = {isa = PBXBuildFile; fileRef = 679AA3B919E51D5D00E671CE /* RMLongTouchMoveOrRemoveViewController.xib */; };
		679AA3BE19E51E8E00E671CE /* RMCommonFunc.m in Sources */ = {isa = PBXBuildFile; fileRef = 679AA3BD19E51E8E00E671CE /* RMCommonFunc.m */; };
		679AA3C619E5245200E671CE /* RMDynamicClassMod.m in Sources */ = {isa = PBXBuildFile; fileRef = 679AA3C519E5245200E671CE /* RMDynamicClassMod.m */; };
		679AA3CE19E5438100E671CE /* RMDraggableView.m in Sources */ = {isa = PBXBuildFile; fileRef = 679AA3CD19E5438100E671CE /* RMDraggableView.m */; };
		679AA3D119E630E200E671CE /* RMDraggableViewCell.m in Sources */ = {isa = PBXBuildFile; fileRef = 679AA3D019E630E200E671CE /* RMDraggableViewCell.m */; };
		679AA44D19EBD16C00E671CE /* RMIndexPath.m in Sources */ = {isa = PBXBuildFile; fileRef = 679AA44C19EBD16C00E671CE /* RMIndexPath.m */; };
		679AA48C19EBD9FD00E671CE /* dragviewcellcornerdel@3x.png in Resources */ = {isa = PBXBuildFile; fileRef = 679AA45019EBD9FD00E671CE /* dragviewcellcornerdel@3x.png */; };
		679AA48D19EBD9FD00E671CE /* 08f9ab6f13f9f0ecacd9638f655b393c.jpg in Resources */ = {isa = PBXBuildFile; fileRef = 679AA45219EBD9FD00E671CE /* 08f9ab6f13f9f0ecacd9638f655b393c.jpg */; };
		679AA48E19EBD9FD00E671CE /* 1.jpg in Resources */ = {isa = PBXBuildFile; fileRef = 679AA45319EBD9FD00E671CE /* 1.jpg */; };
		679AA48F19EBD9FD00E671CE /* 10.jpg in Resources */ = {isa = PBXBuildFile; fileRef = 679AA45419EBD9FD00E671CE /* 10.jpg */; };
		679AA49019EBD9FD00E671CE /* 10bd7139981e926de710da1b088cb2ba.jpg in Resources */ = {isa = PBXBuildFile; fileRef = 679AA45519EBD9FD00E671CE /* 10bd7139981e926de710da1b088cb2ba.jpg */; };
		679AA49119EBD9FD00E671CE /* 11.jpg in Resources */ = {isa = PBXBuildFile; fileRef = 679AA45619EBD9FD00E671CE /* 11.jpg */; };
		679AA49219EBD9FD00E671CE /* 12.jpg in Resources */ = {isa = PBXBuildFile; fileRef = 679AA45719EBD9FD00E671CE /* 12.jpg */; };
		679AA49319EBD9FD00E671CE /* 13.jpg in Resources */ = {isa = PBXBuildFile; fileRef = 679AA45819EBD9FD00E671CE /* 13.jpg */; };
		679AA49419EBD9FD00E671CE /* 14.jpg in Resources */ = {isa = PBXBuildFile; fileRef = 679AA45919EBD9FD00E671CE /* 14.jpg */; };
		679AA49519EBD9FD00E671CE /* 15.jpg in Resources */ = {isa = PBXBuildFile; fileRef = 679AA45A19EBD9FD00E671CE /* 15.jpg */; };
		679AA49619EBD9FD00E671CE /* 16.jpg in Resources */ = {isa = PBXBuildFile; fileRef = 679AA45B19EBD9FD00E671CE /* 16.jpg */; };
		679AA49719EBD9FD00E671CE /* 17ac84ea4167e5f77e912ded33f82034.jpg in Resources */ = {isa = PBXBuildFile; fileRef = 679AA45C19EBD9FD00E671CE /* 17ac84ea4167e5f77e912ded33f82034.jpg */; };
		679AA49819EBD9FD00E671CE /* 1d5629d58bd10feb5ee7f2784c31e3ae.jpg in Resources */ = {isa = PBXBuildFile; fileRef = 679AA45D19EBD9FD00E671CE /* 1d5629d58bd10feb5ee7f2784c31e3ae.jpg */; };
		679AA49919EBD9FD00E671CE /* 1f775bdbe9a5d57a19a487cc3b50a7f0.jpg in Resources */ = {isa = PBXBuildFile; fileRef = 679AA45E19EBD9FD00E671CE /* 1f775bdbe9a5d57a19a487cc3b50a7f0.jpg */; };
		679AA49A19EBD9FD00E671CE /* 2.jpg in Resources */ = {isa = PBXBuildFile; fileRef = 679AA45F19EBD9FD00E671CE /* 2.jpg */; };
		679AA49B19EBD9FD00E671CE /* 21ac9dd69205e796045fabb81fdc725c.jpg in Resources */ = {isa = PBXBuildFile; fileRef = 679AA46019EBD9FD00E671CE /* 21ac9dd69205e796045fabb81fdc725c.jpg */; };
		679AA49C19EBD9FD00E671CE /* 29bae65f220b1f94b7aedf7963e36579.jpg in Resources */ = {isa = PBXBuildFile; fileRef = 679AA46119EBD9FD00E671CE /* 29bae65f220b1f94b7aedf7963e36579.jpg */; };
		679AA49D19EBD9FD00E671CE /* 29f6634f4ded7d00c417a68b40933130.jpg in Resources */ = {isa = PBXBuildFile; fileRef = 679AA46219EBD9FD00E671CE /* 29f6634f4ded7d00c417a68b40933130.jpg */; };
		679AA49E19EBD9FD00E671CE /* 2e04fc8f5b6c6c142896c7deae2008d1.jpg in Resources */ = {isa = PBXBuildFile; fileRef = 679AA46319EBD9FD00E671CE /* 2e04fc8f5b6c6c142896c7deae2008d1.jpg */; };
		679AA49F19EBD9FD00E671CE /* 3.jpg in Resources */ = {isa = PBXBuildFile; fileRef = 679AA46419EBD9FD00E671CE /* 3.jpg */; };
		679AA4A019EBD9FD00E671CE /* 32c70c5e92decd8bca2d51b0243506f5.jpg in Resources */ = {isa = PBXBuildFile; fileRef = 679AA46519EBD9FD00E671CE /* 32c70c5e92decd8bca2d51b0243506f5.jpg */; };
		679AA4A119EBD9FD00E671CE /* 33d577554dce3e5ba2ab97ec8db4dd55.jpg in Resources */ = {isa = PBXBuildFile; fileRef = 679AA46619EBD9FD00E671CE /* 33d577554dce3e5ba2ab97ec8db4dd55.jpg */; };
		679AA4A219EBD9FD00E671CE /* 38bac663b10191ab9ae2610d3bf54723.jpg in Resources */ = {isa = PBXBuildFile; fileRef = 679AA46719EBD9FD00E671CE /* 38bac663b10191ab9ae2610d3bf54723.jpg */; };
		679AA4A319EBD9FD00E671CE /* 38c002628fc78966a03d8708af15990a.jpg in Resources */ = {isa = PBXBuildFile; fileRef = 679AA46819EBD9FD00E671CE /* 38c002628fc78966a03d8708af15990a.jpg */; };
		679AA4A419EBD9FD00E671CE /* 3beaa56cdb996455dd9a7dfadf3fbd22.jpg in Resources */ = {isa = PBXBuildFile; fileRef = 679AA46919EBD9FD00E671CE /* 3beaa56cdb996455dd9a7dfadf3fbd22.jpg */; };
		679AA4A519EBD9FD00E671CE /* 3cfc22956c6275d8bd95a45c84075309.jpg in Resources */ = {isa = PBXBuildFile; fileRef = 679AA46A19EBD9FD00E671CE /* 3cfc22956c6275d8bd95a45c84075309.jpg */; };
		679AA4A619EBD9FD00E671CE /* 3f48b2e2d826f6aa8299e6c06542b3fb.jpg in Resources */ = {isa = PBXBuildFile; fileRef = 679AA46B19EBD9FD00E671CE /* 3f48b2e2d826f6aa8299e6c06542b3fb.jpg */; };
		679AA4A719EBD9FD00E671CE /* 4.jpg in Resources */ = {isa = PBXBuildFile; fileRef = 679AA46C19EBD9FD00E671CE /* 4.jpg */; };
		679AA4A819EBD9FD00E671CE /* 40becaf23a3bacf51781ea33c9d25651.jpg in Resources */ = {isa = PBXBuildFile; fileRef = 679AA46D19EBD9FD00E671CE /* 40becaf23a3bacf51781ea33c9d25651.jpg */; };
		679AA4A919EBD9FD00E671CE /* 43b60bbda56118a2c943df1f18f19840.jpg in Resources */ = {isa = PBXBuildFile; fileRef = 679AA46E19EBD9FD00E671CE /* 43b60bbda56118a2c943df1f18f19840.jpg */; };
		679AA4AA19EBD9FD00E671CE /* 43d8f261456b0a0147ec1f8fa62633a3.jpg in Resources */ = {isa = PBXBuildFile; fileRef = 679AA46F19EBD9FD00E671CE /* 43d8f261456b0a0147ec1f8fa62633a3.jpg */; };
		679AA4AB19EBD9FD00E671CE /* 45ce75f8665a534e9418bc545684b33d.jpg in Resources */ = {isa = PBXBuildFile; fileRef = 679AA47019EBD9FD00E671CE /* 45ce75f8665a534e9418bc545684b33d.jpg */; };
		679AA4AC19EBD9FD00E671CE /* 4c88dc9bc5ebe2414a4427463d05a6d5.jpg in Resources */ = {isa = PBXBuildFile; fileRef = 679AA47119EBD9FD00E671CE /* 4c88dc9bc5ebe2414a4427463d05a6d5.jpg */; };
		679AA4AD19EBD9FD00E671CE /* 4f7360d49b5006734f2addc57807c17d.jpg in Resources */ = {isa = PBXBuildFile; fileRef = 679AA47219EBD9FD00E671CE /* 4f7360d49b5006734f2addc57807c17d.jpg */; };
		679AA4AE19EBD9FD00E671CE /* 5.jpg in Resources */ = {isa = PBXBuildFile; fileRef = 679AA47319EBD9FD00E671CE /* 5.jpg */; };
		679AA4AF19EBD9FD00E671CE /* 52ea8fd7e263f800495693a82512ef58.jpg in Resources */ = {isa = PBXBuildFile; fileRef = 679AA47419EBD9FD00E671CE /* 52ea8fd7e263f800495693a82512ef58.jpg */; };
		679AA4B019EBD9FD00E671CE /* 53a2c3ad4cd3c31ae769eff8b73ac8c6.jpg in Resources */ = {isa = PBXBuildFile; fileRef = 679AA47519EBD9FD00E671CE /* 53a2c3ad4cd3c31ae769eff8b73ac8c6.jpg */; };
		679AA4B119EBD9FD00E671CE /* 54b673bd934bb94f2cbc526a91e8f85e.jpg in Resources */ = {isa = PBXBuildFile; fileRef = 679AA47619EBD9FD00E671CE /* 54b673bd934bb94f2cbc526a91e8f85e.jpg */; };
		679AA4B219EBD9FD00E671CE /* 56c3e9a1d188a4405fdb772fdf36c18a.jpg in Resources */ = {isa = PBXBuildFile; fileRef = 679AA47719EBD9FD00E671CE /* 56c3e9a1d188a4405fdb772fdf36c18a.jpg */; };
		679AA4B319EBD9FD00E671CE /* 5a0178fd2b83ad97fa3512d37182e0b3.jpg in Resources */ = {isa = PBXBuildFile; fileRef = 679AA47819EBD9FD00E671CE /* 5a0178fd2b83ad97fa3512d37182e0b3.jpg */; };
		679AA4B419EBD9FD00E671CE /* 5cf9188fbe64f7e69d330b5dfa79e25f.jpg in Resources */ = {isa = PBXBuildFile; fileRef = 679AA47919EBD9FD00E671CE /* 5cf9188fbe64f7e69d330b5dfa79e25f.jpg */; };
		679AA4B519EBD9FD00E671CE /* 5daece88857da2480afe881e6861e40e.jpg in Resources */ = {isa = PBXBuildFile; fileRef = 679AA47A19EBD9FD00E671CE /* 5daece88857da2480afe881e6861e40e.jpg */; };
		679AA4B619EBD9FD00E671CE /* 5f490901e01b3353404ee57048528c9f.jpg in Resources */ = {isa = PBXBuildFile; fileRef = 679AA47B19EBD9FD00E671CE /* 5f490901e01b3353404ee57048528c9f.jpg */; };
		679AA4B719EBD9FD00E671CE /* 6.jpg in Resources */ = {isa = PBXBuildFile; fileRef = 679AA47C19EBD9FD00E671CE /* 6.jpg */; };
		679AA4B819EBD9FD00E671CE /* 67ca3a363465a549cc4abfcc0a38d3fe.jpg in Resources */ = {isa = PBXBuildFile; fileRef = 679AA47D19EBD9FD00E671CE /* 67ca3a363465a549cc4abfcc0a38d3fe.jpg */; };
		679AA4B919EBD9FD00E671CE /* 6bfcc013bd5cb05a42039a4c343e981b.jpg in Resources */ = {isa = PBXBuildFile; fileRef = 679AA47E19EBD9FD00E671CE /* 6bfcc013bd5cb05a42039a4c343e981b.jpg */; };
		679AA4BA19EBD9FD00E671CE /* 6f4401854dab34c732ac6afaeb78e09a.jpg in Resources */ = {isa = PBXBuildFile; fileRef = 679AA47F19EBD9FD00E671CE /* 6f4401854dab34c732ac6afaeb78e09a.jpg */; };
		679AA4BB19EBD9FD00E671CE /* 7.jpg in Resources */ = {isa = PBXBuildFile; fileRef = 679AA48019EBD9FD00E671CE /* 7.jpg */; };
		679AA4BC19EBD9FD00E671CE /* 7cc63f1f1e8ccddf652578d093aadd51.jpg in Resources */ = {isa = PBXBuildFile; fileRef = 679AA48119EBD9FD00E671CE /* 7cc63f1f1e8ccddf652578d093aadd51.jpg */; };
		679AA4BD19EBD9FD00E671CE /* 7dae0c1b49741124e40b3ddf40190fbb.jpg in Resources */ = {isa = PBXBuildFile; fileRef = 679AA48219EBD9FD00E671CE /* 7dae0c1b49741124e40b3ddf40190fbb.jpg */; };
		679AA4BE19EBD9FD00E671CE /* 7e4f1a5b830194eb174edb93c03b21d4.jpg in Resources */ = {isa = PBXBuildFile; fileRef = 679AA48319EBD9FD00E671CE /* 7e4f1a5b830194eb174edb93c03b21d4.jpg */; };
		679AA4BF19EBD9FD00E671CE /* 7f07a628074d76065893cdaf976522ec.jpg in Resources */ = {isa = PBXBuildFile; fileRef = 679AA48419EBD9FD00E671CE /* 7f07a628074d76065893cdaf976522ec.jpg */; };
		679AA4C019EBD9FD00E671CE /* 8.jpg in Resources */ = {isa = PBXBuildFile; fileRef = 679AA48519EBD9FD00E671CE /* 8.jpg */; };
		679AA4C119EBD9FD00E671CE /* 8ca80930867ab1d358f254c4561a885d.jpg in Resources */ = {isa = PBXBuildFile; fileRef = 679AA48619EBD9FD00E671CE /* 8ca80930867ab1d358f254c4561a885d.jpg */; };
		679AA4C219EBD9FD00E671CE /* 9.jpg in Resources */ = {isa = PBXBuildFile; fileRef = 679AA48719EBD9FD00E671CE /* 9.jpg */; };
		679AA4C319EBD9FD00E671CE /* 9b2a79d218c2284a6195e1d4d88a2b00.jpg in Resources */ = {isa = PBXBuildFile; fileRef = 679AA48819EBD9FD00E671CE /* 9b2a79d218c2284a6195e1d4d88a2b00.jpg */; };
		679AA4C419EBD9FD00E671CE /* 9c57e2f9c21ad22909c484c8133ca2b9.jpg in Resources */ = {isa = PBXBuildFile; fileRef = 679AA48919EBD9FD00E671CE /* 9c57e2f9c21ad22909c484c8133ca2b9.jpg */; };
		679AA4C519EBD9FD00E671CE /* 9c6df4ed9d55b08ce2eea8d86aac2b5d.jpg in Resources */ = {isa = PBXBuildFile; fileRef = 679AA48A19EBD9FD00E671CE /* 9c6df4ed9d55b08ce2eea8d86aac2b5d.jpg */; };
		679AA4C619EBD9FD00E671CE /* 9e8efbbd9e88558baf8cd5c13df8b852.jpg in Resources */ = {isa = PBXBuildFile; fileRef = 679AA48B19EBD9FD00E671CE /* 9e8efbbd9e88558baf8cd5c13df8b852.jpg */; };
/* End PBXBuildFile section */

/* Begin PBXContainerItemProxy section */
		6713A88419D90EAD00FFFACC /* PBXContainerItemProxy */ = {
			isa = PBXContainerItemProxy;
			containerPortal = 6713A85F19D90EAC00FFFACC /* Project object */;
			proxyType = 1;
			remoteGlobalIDString = 6713A86619D90EAC00FFFACC;
			remoteInfo = UltimatePractice;
		};
/* End PBXContainerItemProxy section */

/* Begin PBXFileReference section */
		6713A86719D90EAC00FFFACC /* UltimatePractice.app */ = {isa = PBXFileReference; explicitFileType = wrapper.application; includeInIndex = 0; path = UltimatePractice.app; sourceTree = BUILT_PRODUCTS_DIR; };
		6713A86B19D90EAC00FFFACC /* Info.plist */ = {isa = PBXFileReference; lastKnownFileType = text.plist.xml; path = Info.plist; sourceTree = "<group>"; };
		6713A86C19D90EAC00FFFACC /* main.m */ = {isa = PBXFileReference; lastKnownFileType = sourcecode.c.objc; path = main.m; sourceTree = "<group>"; };
		6713A86E19D90EAC00FFFACC /* AppDelegate.h */ = {isa = PBXFileReference; lastKnownFileType = sourcecode.c.h; path = AppDelegate.h; sourceTree = "<group>"; };
		6713A86F19D90EAC00FFFACC /* AppDelegate.m */ = {isa = PBXFileReference; lastKnownFileType = sourcecode.c.objc; path = AppDelegate.m; sourceTree = "<group>"; };
		6713A87819D90EAC00FFFACC /* Base */ = {isa = PBXFileReference; lastKnownFileType = file.storyboard; name = Base; path = Base.lproj/Main.storyboard; sourceTree = "<group>"; };
		6713A87A19D90EAC00FFFACC /* Images.xcassets */ = {isa = PBXFileReference; lastKnownFileType = folder.assetcatalog; path = Images.xcassets; sourceTree = "<group>"; };
		6713A87D19D90EAC00FFFACC /* Base */ = {isa = PBXFileReference; lastKnownFileType = file.xib; name = Base; path = Base.lproj/LaunchScreen.xib; sourceTree = "<group>"; };
		6713A88319D90EAD00FFFACC /* UltimatePracticeTests.xctest */ = {isa = PBXFileReference; explicitFileType = wrapper.cfbundle; includeInIndex = 0; path = UltimatePracticeTests.xctest; sourceTree = BUILT_PRODUCTS_DIR; };
		6713A88819D90EAD00FFFACC /* Info.plist */ = {isa = PBXFileReference; lastKnownFileType = text.plist.xml; path = Info.plist; sourceTree = "<group>"; };
		6713A88919D90EAD00FFFACC /* UltimatePracticeTests.m */ = {isa = PBXFileReference; lastKnownFileType = sourcecode.c.objc; path = UltimatePracticeTests.m; sourceTree = "<group>"; };
		679AA3AE19E4F55100E671CE /* RMDemosViewController.h */ = {isa = PBXFileReference; fileEncoding = 4; lastKnownFileType = sourcecode.c.h; path = RMDemosViewController.h; sourceTree = "<group>"; };
		679AA3AF19E4F55100E671CE /* RMDemosViewController.m */ = {isa = PBXFileReference; fileEncoding = 4; lastKnownFileType = sourcecode.c.objc; path = RMDemosViewController.m; sourceTree = "<group>"; };
		679AA3B119E4F55100E671CE /* RMToolsViewController.h */ = {isa = PBXFileReference; fileEncoding = 4; lastKnownFileType = sourcecode.c.h; path = RMToolsViewController.h; sourceTree = "<group>"; };
		679AA3B219E4F55100E671CE /* RMToolsViewController.m */ = {isa = PBXFileReference; fileEncoding = 4; lastKnownFileType = sourcecode.c.objc; path = RMToolsViewController.m; sourceTree = "<group>"; };
		679AA3B619E519EA00E671CE /* RMLongTouchMoveOrRemoveViewController.h */ = {isa = PBXFileReference; fileEncoding = 4; lastKnownFileType = sourcecode.c.h; path = RMLongTouchMoveOrRemoveViewController.h; sourceTree = "<group>"; };
		679AA3B719E519EA00E671CE /* RMLongTouchMoveOrRemoveViewController.m */ = {isa = PBXFileReference; fileEncoding = 4; lastKnownFileType = sourcecode.c.objc; path = RMLongTouchMoveOrRemoveViewController.m; sourceTree = "<group>"; };
		679AA3B919E51D5D00E671CE /* RMLongTouchMoveOrRemoveViewController.xib */ = {isa = PBXFileReference; fileEncoding = 4; lastKnownFileType = file.xib; path = RMLongTouchMoveOrRemoveViewController.xib; sourceTree = "<group>"; };
		679AA3BC19E51E8E00E671CE /* RMCommonFunc.h */ = {isa = PBXFileReference; fileEncoding = 4; lastKnownFileType = sourcecode.c.h; path = RMCommonFunc.h; sourceTree = "<group>"; };
		679AA3BD19E51E8E00E671CE /* RMCommonFunc.m */ = {isa = PBXFileReference; fileEncoding = 4; lastKnownFileType = sourcecode.c.objc; path = RMCommonFunc.m; sourceTree = "<group>"; };
		679AA3C419E5245200E671CE /* RMDynamicClassMod.h */ = {isa = PBXFileReference; fileEncoding = 4; lastKnownFileType = sourcecode.c.h; path = RMDynamicClassMod.h; sourceTree = "<group>"; };
		679AA3C519E5245200E671CE /* RMDynamicClassMod.m */ = {isa = PBXFileReference; fileEncoding = 4; lastKnownFileType = sourcecode.c.objc; path = RMDynamicClassMod.m; sourceTree = "<group>"; };
		679AA3CC19E5438100E671CE /* RMDraggableView.h */ = {isa = PBXFileReference; fileEncoding = 4; lastKnownFileType = sourcecode.c.h; path = RMDraggableView.h; sourceTree = "<group>"; };
		679AA3CD19E5438100E671CE /* RMDraggableView.m */ = {isa = PBXFileReference; fileEncoding = 4; lastKnownFileType = sourcecode.c.objc; path = RMDraggableView.m; sourceTree = "<group>"; };
		679AA3CF19E630E200E671CE /* RMDraggableViewCell.h */ = {isa = PBXFileReference; fileEncoding = 4; lastKnownFileType = sourcecode.c.h; path = RMDraggableViewCell.h; sourceTree = "<group>"; };
		679AA3D019E630E200E671CE /* RMDraggableViewCell.m */ = {isa = PBXFileReference; fileEncoding = 4; lastKnownFileType = sourcecode.c.objc; path = RMDraggableViewCell.m; sourceTree = "<group>"; };
		679AA44B19EBD16C00E671CE /* RMIndexPath.h */ = {isa = PBXFileReference; fileEncoding = 4; lastKnownFileType = sourcecode.c.h; path = RMIndexPath.h; sourceTree = "<group>"; };
		679AA44C19EBD16C00E671CE /* RMIndexPath.m */ = {isa = PBXFileReference; fileEncoding = 4; lastKnownFileType = sourcecode.c.objc; path = RMIndexPath.m; sourceTree = "<group>"; };
		679AA45019EBD9FD00E671CE /* dragviewcellcornerdel@3x.png */ = {isa = PBXFileReference; lastKnownFileType = image.png; path = "dragviewcellcornerdel@3x.png"; sourceTree = "<group>"; };
		679AA45219EBD9FD00E671CE /* 08f9ab6f13f9f0ecacd9638f655b393c.jpg */ = {isa = PBXFileReference; lastKnownFileType = image.jpeg; path = 08f9ab6f13f9f0ecacd9638f655b393c.jpg; sourceTree = "<group>"; };
		679AA45319EBD9FD00E671CE /* 1.jpg */ = {isa = PBXFileReference; lastKnownFileType = image.jpeg; path = 1.jpg; sourceTree = "<group>"; };
		679AA45419EBD9FD00E671CE /* 10.jpg */ = {isa = PBXFileReference; lastKnownFileType = image.jpeg; path = 10.jpg; sourceTree = "<group>"; };
		679AA45519EBD9FD00E671CE /* 10bd7139981e926de710da1b088cb2ba.jpg */ = {isa = PBXFileReference; lastKnownFileType = image.jpeg; path = 10bd7139981e926de710da1b088cb2ba.jpg; sourceTree = "<group>"; };
		679AA45619EBD9FD00E671CE /* 11.jpg */ = {isa = PBXFileReference; lastKnownFileType = image.jpeg; path = 11.jpg; sourceTree = "<group>"; };
		679AA45719EBD9FD00E671CE /* 12.jpg */ = {isa = PBXFileReference; lastKnownFileType = image.jpeg; path = 12.jpg; sourceTree = "<group>"; };
		679AA45819EBD9FD00E671CE /* 13.jpg */ = {isa = PBXFileReference; lastKnownFileType = image.jpeg; path = 13.jpg; sourceTree = "<group>"; };
		679AA45919EBD9FD00E671CE /* 14.jpg */ = {isa = PBXFileReference; lastKnownFileType = image.jpeg; path = 14.jpg; sourceTree = "<group>"; };
		679AA45A19EBD9FD00E671CE /* 15.jpg */ = {isa = PBXFileReference; lastKnownFileType = image.jpeg; path = 15.jpg; sourceTree = "<group>"; };
		679AA45B19EBD9FD00E671CE /* 16.jpg */ = {isa = PBXFileReference; lastKnownFileType = image.jpeg; path = 16.jpg; sourceTree = "<group>"; };
		679AA45C19EBD9FD00E671CE /* 17ac84ea4167e5f77e912ded33f82034.jpg */ = {isa = PBXFileReference; lastKnownFileType = image.jpeg; path = 17ac84ea4167e5f77e912ded33f82034.jpg; sourceTree = "<group>"; };
		679AA45D19EBD9FD00E671CE /* 1d5629d58bd10feb5ee7f2784c31e3ae.jpg */ = {isa = PBXFileReference; lastKnownFileType = image.jpeg; path = 1d5629d58bd10feb5ee7f2784c31e3ae.jpg; sourceTree = "<group>"; };
		679AA45E19EBD9FD00E671CE /* 1f775bdbe9a5d57a19a487cc3b50a7f0.jpg */ = {isa = PBXFileReference; lastKnownFileType = image.jpeg; path = 1f775bdbe9a5d57a19a487cc3b50a7f0.jpg; sourceTree = "<group>"; };
		679AA45F19EBD9FD00E671CE /* 2.jpg */ = {isa = PBXFileReference; lastKnownFileType = image.jpeg; path = 2.jpg; sourceTree = "<group>"; };
		679AA46019EBD9FD00E671CE /* 21ac9dd69205e796045fabb81fdc725c.jpg */ = {isa = PBXFileReference; lastKnownFileType = image.jpeg; path = 21ac9dd69205e796045fabb81fdc725c.jpg; sourceTree = "<group>"; };
		679AA46119EBD9FD00E671CE /* 29bae65f220b1f94b7aedf7963e36579.jpg */ = {isa = PBXFileReference; lastKnownFileType = image.jpeg; path = 29bae65f220b1f94b7aedf7963e36579.jpg; sourceTree = "<group>"; };
		679AA46219EBD9FD00E671CE /* 29f6634f4ded7d00c417a68b40933130.jpg */ = {isa = PBXFileReference; lastKnownFileType = image.jpeg; path = 29f6634f4ded7d00c417a68b40933130.jpg; sourceTree = "<group>"; };
		679AA46319EBD9FD00E671CE /* 2e04fc8f5b6c6c142896c7deae2008d1.jpg */ = {isa = PBXFileReference; lastKnownFileType = image.jpeg; path = 2e04fc8f5b6c6c142896c7deae2008d1.jpg; sourceTree = "<group>"; };
		679AA46419EBD9FD00E671CE /* 3.jpg */ = {isa = PBXFileReference; lastKnownFileType = image.jpeg; path = 3.jpg; sourceTree = "<group>"; };
		679AA46519EBD9FD00E671CE /* 32c70c5e92decd8bca2d51b0243506f5.jpg */ = {isa = PBXFileReference; lastKnownFileType = image.jpeg; path = 32c70c5e92decd8bca2d51b0243506f5.jpg; sourceTree = "<group>"; };
		679AA46619EBD9FD00E671CE /* 33d577554dce3e5ba2ab97ec8db4dd55.jpg */ = {isa = PBXFileReference; lastKnownFileType = image.jpeg; path = 33d577554dce3e5ba2ab97ec8db4dd55.jpg; sourceTree = "<group>"; };
		679AA46719EBD9FD00E671CE /* 38bac663b10191ab9ae2610d3bf54723.jpg */ = {isa = PBXFileReference; lastKnownFileType = image.jpeg; path = 38bac663b10191ab9ae2610d3bf54723.jpg; sourceTree = "<group>"; };
		679AA46819EBD9FD00E671CE /* 38c002628fc78966a03d8708af15990a.jpg */ = {isa = PBXFileReference; lastKnownFileType = image.jpeg; path = 38c002628fc78966a03d8708af15990a.jpg; sourceTree = "<group>"; };
		679AA46919EBD9FD00E671CE /* 3beaa56cdb996455dd9a7dfadf3fbd22.jpg */ = {isa = PBXFileReference; lastKnownFileType = image.jpeg; path = 3beaa56cdb996455dd9a7dfadf3fbd22.jpg; sourceTree = "<group>"; };
		679AA46A19EBD9FD00E671CE /* 3cfc22956c6275d8bd95a45c84075309.jpg */ = {isa = PBXFileReference; lastKnownFileType = image.jpeg; path = 3cfc22956c6275d8bd95a45c84075309.jpg; sourceTree = "<group>"; };
		679AA46B19EBD9FD00E671CE /* 3f48b2e2d826f6aa8299e6c06542b3fb.jpg */ = {isa = PBXFileReference; lastKnownFileType = image.jpeg; path = 3f48b2e2d826f6aa8299e6c06542b3fb.jpg; sourceTree = "<group>"; };
		679AA46C19EBD9FD00E671CE /* 4.jpg */ = {isa = PBXFileReference; lastKnownFileType = image.jpeg; path = 4.jpg; sourceTree = "<group>"; };
		679AA46D19EBD9FD00E671CE /* 40becaf23a3bacf51781ea33c9d25651.jpg */ = {isa = PBXFileReference; lastKnownFileType = image.jpeg; path = 40becaf23a3bacf51781ea33c9d25651.jpg; sourceTree = "<group>"; };
		679AA46E19EBD9FD00E671CE /* 43b60bbda56118a2c943df1f18f19840.jpg */ = {isa = PBXFileReference; lastKnownFileType = image.jpeg; path = 43b60bbda56118a2c943df1f18f19840.jpg; sourceTree = "<group>"; };
		679AA46F19EBD9FD00E671CE /* 43d8f261456b0a0147ec1f8fa62633a3.jpg */ = {isa = PBXFileReference; lastKnownFileType = image.jpeg; path = 43d8f261456b0a0147ec1f8fa62633a3.jpg; sourceTree = "<group>"; };
		679AA47019EBD9FD00E671CE /* 45ce75f8665a534e9418bc545684b33d.jpg */ = {isa = PBXFileReference; lastKnownFileType = image.jpeg; path = 45ce75f8665a534e9418bc545684b33d.jpg; sourceTree = "<group>"; };
		679AA47119EBD9FD00E671CE /* 4c88dc9bc5ebe2414a4427463d05a6d5.jpg */ = {isa = PBXFileReference; lastKnownFileType = image.jpeg; path = 4c88dc9bc5ebe2414a4427463d05a6d5.jpg; sourceTree = "<group>"; };
		679AA47219EBD9FD00E671CE /* 4f7360d49b5006734f2addc57807c17d.jpg */ = {isa = PBXFileReference; lastKnownFileType = image.jpeg; path = 4f7360d49b5006734f2addc57807c17d.jpg; sourceTree = "<group>"; };
		679AA47319EBD9FD00E671CE /* 5.jpg */ = {isa = PBXFileReference; lastKnownFileType = image.jpeg; path = 5.jpg; sourceTree = "<group>"; };
		679AA47419EBD9FD00E671CE /* 52ea8fd7e263f800495693a82512ef58.jpg */ = {isa = PBXFileReference; lastKnownFileType = image.jpeg; path = 52ea8fd7e263f800495693a82512ef58.jpg; sourceTree = "<group>"; };
		679AA47519EBD9FD00E671CE /* 53a2c3ad4cd3c31ae769eff8b73ac8c6.jpg */ = {isa = PBXFileReference; lastKnownFileType = image.jpeg; path = 53a2c3ad4cd3c31ae769eff8b73ac8c6.jpg; sourceTree = "<group>"; };
		679AA47619EBD9FD00E671CE /* 54b673bd934bb94f2cbc526a91e8f85e.jpg */ = {isa = PBXFileReference; lastKnownFileType = image.jpeg; path = 54b673bd934bb94f2cbc526a91e8f85e.jpg; sourceTree = "<group>"; };
		679AA47719EBD9FD00E671CE /* 56c3e9a1d188a4405fdb772fdf36c18a.jpg */ = {isa = PBXFileReference; lastKnownFileType = image.jpeg; path = 56c3e9a1d188a4405fdb772fdf36c18a.jpg; sourceTree = "<group>"; };
		679AA47819EBD9FD00E671CE /* 5a0178fd2b83ad97fa3512d37182e0b3.jpg */ = {isa = PBXFileReference; lastKnownFileType = image.jpeg; path = 5a0178fd2b83ad97fa3512d37182e0b3.jpg; sourceTree = "<group>"; };
		679AA47919EBD9FD00E671CE /* 5cf9188fbe64f7e69d330b5dfa79e25f.jpg */ = {isa = PBXFileReference; lastKnownFileType = image.jpeg; path = 5cf9188fbe64f7e69d330b5dfa79e25f.jpg; sourceTree = "<group>"; };
		679AA47A19EBD9FD00E671CE /* 5daece88857da2480afe881e6861e40e.jpg */ = {isa = PBXFileReference; lastKnownFileType = image.jpeg; path = 5daece88857da2480afe881e6861e40e.jpg; sourceTree = "<group>"; };
		679AA47B19EBD9FD00E671CE /* 5f490901e01b3353404ee57048528c9f.jpg */ = {isa = PBXFileReference; lastKnownFileType = image.jpeg; path = 5f490901e01b3353404ee57048528c9f.jpg; sourceTree = "<group>"; };
		679AA47C19EBD9FD00E671CE /* 6.jpg */ = {isa = PBXFileReference; lastKnownFileType = image.jpeg; path = 6.jpg; sourceTree = "<group>"; };
		679AA47D19EBD9FD00E671CE /* 67ca3a363465a549cc4abfcc0a38d3fe.jpg */ = {isa = PBXFileReference; lastKnownFileType = image.jpeg; path = 67ca3a363465a549cc4abfcc0a38d3fe.jpg; sourceTree = "<group>"; };
		679AA47E19EBD9FD00E671CE /* 6bfcc013bd5cb05a42039a4c343e981b.jpg */ = {isa = PBXFileReference; lastKnownFileType = image.jpeg; path = 6bfcc013bd5cb05a42039a4c343e981b.jpg; sourceTree = "<group>"; };
		679AA47F19EBD9FD00E671CE /* 6f4401854dab34c732ac6afaeb78e09a.jpg */ = {isa = PBXFileReference; lastKnownFileType = image.jpeg; path = 6f4401854dab34c732ac6afaeb78e09a.jpg; sourceTree = "<group>"; };
		679AA48019EBD9FD00E671CE /* 7.jpg */ = {isa = PBXFileReference; lastKnownFileType = image.jpeg; path = 7.jpg; sourceTree = "<group>"; };
		679AA48119EBD9FD00E671CE /* 7cc63f1f1e8ccddf652578d093aadd51.jpg */ = {isa = PBXFileReference; lastKnownFileType = image.jpeg; path = 7cc63f1f1e8ccddf652578d093aadd51.jpg; sourceTree = "<group>"; };
		679AA48219EBD9FD00E671CE /* 7dae0c1b49741124e40b3ddf40190fbb.jpg */ = {isa = PBXFileReference; lastKnownFileType = image.jpeg; path = 7dae0c1b49741124e40b3ddf40190fbb.jpg; sourceTree = "<group>"; };
		679AA48319EBD9FD00E671CE /* 7e4f1a5b830194eb174edb93c03b21d4.jpg */ = {isa = PBXFileReference; lastKnownFileType = image.jpeg; path = 7e4f1a5b830194eb174edb93c03b21d4.jpg; sourceTree = "<group>"; };
		679AA48419EBD9FD00E671CE /* 7f07a628074d76065893cdaf976522ec.jpg */ = {isa = PBXFileReference; lastKnownFileType = image.jpeg; path = 7f07a628074d76065893cdaf976522ec.jpg; sourceTree = "<group>"; };
		679AA48519EBD9FD00E671CE /* 8.jpg */ = {isa = PBXFileReference; lastKnownFileType = image.jpeg; path = 8.jpg; sourceTree = "<group>"; };
		679AA48619EBD9FD00E671CE /* 8ca80930867ab1d358f254c4561a885d.jpg */ = {isa = PBXFileReference; lastKnownFileType = image.jpeg; path = 8ca80930867ab1d358f254c4561a885d.jpg; sourceTree = "<group>"; };
		679AA48719EBD9FD00E671CE /* 9.jpg */ = {isa = PBXFileReference; lastKnownFileType = image.jpeg; path = 9.jpg; sourceTree = "<group>"; };
		679AA48819EBD9FD00E671CE /* 9b2a79d218c2284a6195e1d4d88a2b00.jpg */ = {isa = PBXFileReference; lastKnownFileType = image.jpeg; path = 9b2a79d218c2284a6195e1d4d88a2b00.jpg; sourceTree = "<group>"; };
		679AA48919EBD9FD00E671CE /* 9c57e2f9c21ad22909c484c8133ca2b9.jpg */ = {isa = PBXFileReference; lastKnownFileType = image.jpeg; path = 9c57e2f9c21ad22909c484c8133ca2b9.jpg; sourceTree = "<group>"; };
		679AA48A19EBD9FD00E671CE /* 9c6df4ed9d55b08ce2eea8d86aac2b5d.jpg */ = {isa = PBXFileReference; lastKnownFileType = image.jpeg; path = 9c6df4ed9d55b08ce2eea8d86aac2b5d.jpg; sourceTree = "<group>"; };
		679AA48B19EBD9FD00E671CE /* 9e8efbbd9e88558baf8cd5c13df8b852.jpg */ = {isa = PBXFileReference; lastKnownFileType = image.jpeg; path = 9e8efbbd9e88558baf8cd5c13df8b852.jpg; sourceTree = "<group>"; };
/* End PBXFileReference section */

/* Begin PBXFrameworksBuildPhase section */
		6713A86419D90EAC00FFFACC /* Frameworks */ = {
			isa = PBXFrameworksBuildPhase;
			buildActionMask = 2147483647;
			files = (
			);
			runOnlyForDeploymentPostprocessing = 0;
		};
		6713A88019D90EAD00FFFACC /* Frameworks */ = {
			isa = PBXFrameworksBuildPhase;
			buildActionMask = 2147483647;
			files = (
			);
			runOnlyForDeploymentPostprocessing = 0;
		};
/* End PBXFrameworksBuildPhase section */

/* Begin PBXGroup section */
		6713A85E19D90EAC00FFFACC = {
			isa = PBXGroup;
			children = (
				6713A86919D90EAC00FFFACC /* UltimatePractice */,
				6713A88619D90EAD00FFFACC /* UltimatePracticeTests */,
				6713A86819D90EAC00FFFACC /* Products */,
			);
			sourceTree = "<group>";
		};
		6713A86819D90EAC00FFFACC /* Products */ = {
			isa = PBXGroup;
			children = (
				6713A86719D90EAC00FFFACC /* UltimatePractice.app */,
				6713A88319D90EAD00FFFACC /* UltimatePracticeTests.xctest */,
			);
			name = Products;
			sourceTree = "<group>";
		};
		6713A86919D90EAC00FFFACC /* UltimatePractice */ = {
			isa = PBXGroup;
			children = (
				6713A86E19D90EAC00FFFACC /* AppDelegate.h */,
				6713A86F19D90EAC00FFFACC /* AppDelegate.m */,
				679AA3BB19E51E3400E671CE /* Common */,
				679AA3AD19E4F55100E671CE /* DemoPractice */,
				679AA3B019E4F55100E671CE /* UsefulTools */,
				6713A87719D90EAC00FFFACC /* Main.storyboard */,
				6713A87A19D90EAC00FFFACC /* Images.xcassets */,
				6713A87C19D90EAC00FFFACC /* LaunchScreen.xib */,
				679AA3D519E7E32E00E671CE /* Resource */,
				6713A86A19D90EAC00FFFACC /* Supporting Files */,
			);
			path = UltimatePractice;
			sourceTree = "<group>";
		};
		6713A86A19D90EAC00FFFACC /* Supporting Files */ = {
			isa = PBXGroup;
			children = (
				6713A86B19D90EAC00FFFACC /* Info.plist */,
				6713A86C19D90EAC00FFFACC /* main.m */,
			);
			name = "Supporting Files";
			sourceTree = "<group>";
		};
		6713A88619D90EAD00FFFACC /* UltimatePracticeTests */ = {
			isa = PBXGroup;
			children = (
				6713A88919D90EAD00FFFACC /* UltimatePracticeTests.m */,
				6713A88719D90EAD00FFFACC /* Supporting Files */,
			);
			path = UltimatePracticeTests;
			sourceTree = "<group>";
		};
		6713A88719D90EAD00FFFACC /* Supporting Files */ = {
			isa = PBXGroup;
			children = (
				6713A88819D90EAD00FFFACC /* Info.plist */,
			);
			name = "Supporting Files";
			sourceTree = "<group>";
		};
		679AA3AD19E4F55100E671CE /* DemoPractice */ = {
			isa = PBXGroup;
			children = (
				679AA3AE19E4F55100E671CE /* RMDemosViewController.h */,
				679AA3AF19E4F55100E671CE /* RMDemosViewController.m */,
				679AA3B519E5197800E671CE /* LongTouchMoveOrRemove */,
			);
			path = DemoPractice;
			sourceTree = "<group>";
		};
		679AA3B019E4F55100E671CE /* UsefulTools */ = {
			isa = PBXGroup;
			children = (
				679AA3B119E4F55100E671CE /* RMToolsViewController.h */,
				679AA3B219E4F55100E671CE /* RMToolsViewController.m */,
			);
			path = UsefulTools;
			sourceTree = "<group>";
		};
		679AA3B519E5197800E671CE /* LongTouchMoveOrRemove */ = {
			isa = PBXGroup;
			children = (
				679AA3B619E519EA00E671CE /* RMLongTouchMoveOrRemoveViewController.h */,
				679AA3B719E519EA00E671CE /* RMLongTouchMoveOrRemoveViewController.m */,
				679AA3B919E51D5D00E671CE /* RMLongTouchMoveOrRemoveViewController.xib */,
				679AA44B19EBD16C00E671CE /* RMIndexPath.h */,
				679AA44C19EBD16C00E671CE /* RMIndexPath.m */,
				679AA3CC19E5438100E671CE /* RMDraggableView.h */,
				679AA3CD19E5438100E671CE /* RMDraggableView.m */,
				679AA3CF19E630E200E671CE /* RMDraggableViewCell.h */,
				679AA3D019E630E200E671CE /* RMDraggableViewCell.m */,
			);
			path = LongTouchMoveOrRemove;
			sourceTree = "<group>";
		};
		679AA3BB19E51E3400E671CE /* Common */ = {
			isa = PBXGroup;
			children = (
				679AA3BC19E51E8E00E671CE /* RMCommonFunc.h */,
				679AA3BD19E51E8E00E671CE /* RMCommonFunc.m */,
				679AA3C319E5245200E671CE /* Models */,
			);
			path = Common;
			sourceTree = "<group>";
		};
		679AA3C319E5245200E671CE /* Models */ = {
			isa = PBXGroup;
			children = (
				679AA3C419E5245200E671CE /* RMDynamicClassMod.h */,
				679AA3C519E5245200E671CE /* RMDynamicClassMod.m */,
			);
			path = Models;
			sourceTree = "<group>";
		};
		679AA3D519E7E32E00E671CE /* Resource */ = {
			isa = PBXGroup;
			children = (
				679AA44E19EBD9FD00E671CE /* Imgs */,
			);
			path = Resource;
			sourceTree = "<group>";
		};
		679AA44E19EBD9FD00E671CE /* Imgs */ = {
			isa = PBXGroup;
			children = (
				679AA44F19EBD9FD00E671CE /* common */,
				679AA45119EBD9FD00E671CE /* headimages */,
			);
			path = Imgs;
			sourceTree = "<group>";
		};
		679AA44F19EBD9FD00E671CE /* common */ = {
			isa = PBXGroup;
			children = (
				679AA45019EBD9FD00E671CE /* dragviewcellcornerdel@3x.png */,
			);
			path = common;
			sourceTree = "<group>";
		};
		679AA45119EBD9FD00E671CE /* headimages */ = {
			isa = PBXGroup;
			children = (
				679AA45219EBD9FD00E671CE /* 08f9ab6f13f9f0ecacd9638f655b393c.jpg */,
				679AA45319EBD9FD00E671CE /* 1.jpg */,
				679AA45419EBD9FD00E671CE /* 10.jpg */,
				679AA45519EBD9FD00E671CE /* 10bd7139981e926de710da1b088cb2ba.jpg */,
				679AA45619EBD9FD00E671CE /* 11.jpg */,
				679AA45719EBD9FD00E671CE /* 12.jpg */,
				679AA45819EBD9FD00E671CE /* 13.jpg */,
				679AA45919EBD9FD00E671CE /* 14.jpg */,
				679AA45A19EBD9FD00E671CE /* 15.jpg */,
				679AA45B19EBD9FD00E671CE /* 16.jpg */,
				679AA45C19EBD9FD00E671CE /* 17ac84ea4167e5f77e912ded33f82034.jpg */,
				679AA45D19EBD9FD00E671CE /* 1d5629d58bd10feb5ee7f2784c31e3ae.jpg */,
				679AA45E19EBD9FD00E671CE /* 1f775bdbe9a5d57a19a487cc3b50a7f0.jpg */,
				679AA45F19EBD9FD00E671CE /* 2.jpg */,
				679AA46019EBD9FD00E671CE /* 21ac9dd69205e796045fabb81fdc725c.jpg */,
				679AA46119EBD9FD00E671CE /* 29bae65f220b1f94b7aedf7963e36579.jpg */,
				679AA46219EBD9FD00E671CE /* 29f6634f4ded7d00c417a68b40933130.jpg */,
				679AA46319EBD9FD00E671CE /* 2e04fc8f5b6c6c142896c7deae2008d1.jpg */,
				679AA46419EBD9FD00E671CE /* 3.jpg */,
				679AA46519EBD9FD00E671CE /* 32c70c5e92decd8bca2d51b0243506f5.jpg */,
				679AA46619EBD9FD00E671CE /* 33d577554dce3e5ba2ab97ec8db4dd55.jpg */,
				679AA46719EBD9FD00E671CE /* 38bac663b10191ab9ae2610d3bf54723.jpg */,
				679AA46819EBD9FD00E671CE /* 38c002628fc78966a03d8708af15990a.jpg */,
				679AA46919EBD9FD00E671CE /* 3beaa56cdb996455dd9a7dfadf3fbd22.jpg */,
				679AA46A19EBD9FD00E671CE /* 3cfc22956c6275d8bd95a45c84075309.jpg */,
				679AA46B19EBD9FD00E671CE /* 3f48b2e2d826f6aa8299e6c06542b3fb.jpg */,
				679AA46C19EBD9FD00E671CE /* 4.jpg */,
				679AA46D19EBD9FD00E671CE /* 40becaf23a3bacf51781ea33c9d25651.jpg */,
				679AA46E19EBD9FD00E671CE /* 43b60bbda56118a2c943df1f18f19840.jpg */,
				679AA46F19EBD9FD00E671CE /* 43d8f261456b0a0147ec1f8fa62633a3.jpg */,
				679AA47019EBD9FD00E671CE /* 45ce75f8665a534e9418bc545684b33d.jpg */,
				679AA47119EBD9FD00E671CE /* 4c88dc9bc5ebe2414a4427463d05a6d5.jpg */,
				679AA47219EBD9FD00E671CE /* 4f7360d49b5006734f2addc57807c17d.jpg */,
				679AA47319EBD9FD00E671CE /* 5.jpg */,
				679AA47419EBD9FD00E671CE /* 52ea8fd7e263f800495693a82512ef58.jpg */,
				679AA47519EBD9FD00E671CE /* 53a2c3ad4cd3c31ae769eff8b73ac8c6.jpg */,
				679AA47619EBD9FD00E671CE /* 54b673bd934bb94f2cbc526a91e8f85e.jpg */,
				679AA47719EBD9FD00E671CE /* 56c3e9a1d188a4405fdb772fdf36c18a.jpg */,
				679AA47819EBD9FD00E671CE /* 5a0178fd2b83ad97fa3512d37182e0b3.jpg */,
				679AA47919EBD9FD00E671CE /* 5cf9188fbe64f7e69d330b5dfa79e25f.jpg */,
				679AA47A19EBD9FD00E671CE /* 5daece88857da2480afe881e6861e40e.jpg */,
				679AA47B19EBD9FD00E671CE /* 5f490901e01b3353404ee57048528c9f.jpg */,
				679AA47C19EBD9FD00E671CE /* 6.jpg */,
				679AA47D19EBD9FD00E671CE /* 67ca3a363465a549cc4abfcc0a38d3fe.jpg */,
				679AA47E19EBD9FD00E671CE /* 6bfcc013bd5cb05a42039a4c343e981b.jpg */,
				679AA47F19EBD9FD00E671CE /* 6f4401854dab34c732ac6afaeb78e09a.jpg */,
				679AA48019EBD9FD00E671CE /* 7.jpg */,
				679AA48119EBD9FD00E671CE /* 7cc63f1f1e8ccddf652578d093aadd51.jpg */,
				679AA48219EBD9FD00E671CE /* 7dae0c1b49741124e40b3ddf40190fbb.jpg */,
				679AA48319EBD9FD00E671CE /* 7e4f1a5b830194eb174edb93c03b21d4.jpg */,
				679AA48419EBD9FD00E671CE /* 7f07a628074d76065893cdaf976522ec.jpg */,
				679AA48519EBD9FD00E671CE /* 8.jpg */,
				679AA48619EBD9FD00E671CE /* 8ca80930867ab1d358f254c4561a885d.jpg */,
				679AA48719EBD9FD00E671CE /* 9.jpg */,
				679AA48819EBD9FD00E671CE /* 9b2a79d218c2284a6195e1d4d88a2b00.jpg */,
				679AA48919EBD9FD00E671CE /* 9c57e2f9c21ad22909c484c8133ca2b9.jpg */,
				679AA48A19EBD9FD00E671CE /* 9c6df4ed9d55b08ce2eea8d86aac2b5d.jpg */,
				679AA48B19EBD9FD00E671CE /* 9e8efbbd9e88558baf8cd5c13df8b852.jpg */,
			);
			path = headimages;
			sourceTree = "<group>";
		};
/* End PBXGroup section */

/* Begin PBXNativeTarget section */
		6713A86619D90EAC00FFFACC /* UltimatePractice */ = {
			isa = PBXNativeTarget;
			buildConfigurationList = 6713A88D19D90EAD00FFFACC /* Build configuration list for PBXNativeTarget "UltimatePractice" */;
			buildPhases = (
				6713A86319D90EAC00FFFACC /* Sources */,
				6713A86419D90EAC00FFFACC /* Frameworks */,
				6713A86519D90EAC00FFFACC /* Resources */,
			);
			buildRules = (
			);
			dependencies = (
			);
			name = UltimatePractice;
			productName = UltimatePractice;
			productReference = 6713A86719D90EAC00FFFACC /* UltimatePractice.app */;
			productType = "com.apple.product-type.application";
		};
		6713A88219D90EAD00FFFACC /* UltimatePracticeTests */ = {
			isa = PBXNativeTarget;
			buildConfigurationList = 6713A89019D90EAD00FFFACC /* Build configuration list for PBXNativeTarget "UltimatePracticeTests" */;
			buildPhases = (
				6713A87F19D90EAD00FFFACC /* Sources */,
				6713A88019D90EAD00FFFACC /* Frameworks */,
				6713A88119D90EAD00FFFACC /* Resources */,
			);
			buildRules = (
			);
			dependencies = (
				6713A88519D90EAD00FFFACC /* PBXTargetDependency */,
			);
			name = UltimatePracticeTests;
			productName = UltimatePracticeTests;
			productReference = 6713A88319D90EAD00FFFACC /* UltimatePracticeTests.xctest */;
			productType = "com.apple.product-type.bundle.unit-test";
		};
/* End PBXNativeTarget section */

/* Begin PBXProject section */
		6713A85F19D90EAC00FFFACC /* Project object */ = {
			isa = PBXProject;
			attributes = {
				LastUpgradeCheck = 0600;
				ORGANIZATIONNAME = RayManning;
				TargetAttributes = {
					6713A86619D90EAC00FFFACC = {
						CreatedOnToolsVersion = 6.0;
					};
					6713A88219D90EAD00FFFACC = {
						CreatedOnToolsVersion = 6.0;
						TestTargetID = 6713A86619D90EAC00FFFACC;
					};
				};
			};
			buildConfigurationList = 6713A86219D90EAC00FFFACC /* Build configuration list for PBXProject "UltimatePractice" */;
			compatibilityVersion = "Xcode 3.2";
			developmentRegion = English;
			hasScannedForEncodings = 0;
			knownRegions = (
				en,
				Base,
			);
			mainGroup = 6713A85E19D90EAC00FFFACC;
			productRefGroup = 6713A86819D90EAC00FFFACC /* Products */;
			projectDirPath = "";
			projectRoot = "";
			targets = (
				6713A86619D90EAC00FFFACC /* UltimatePractice */,
				6713A88219D90EAD00FFFACC /* UltimatePracticeTests */,
			);
		};
/* End PBXProject section */

/* Begin PBXResourcesBuildPhase section */
		6713A86519D90EAC00FFFACC /* Resources */ = {
			isa = PBXResourcesBuildPhase;
			buildActionMask = 2147483647;
			files = (
				679AA4C019EBD9FD00E671CE /* 8.jpg in Resources */,
				679AA49D19EBD9FD00E671CE /* 29f6634f4ded7d00c417a68b40933130.jpg in Resources */,
				679AA49419EBD9FD00E671CE /* 14.jpg in Resources */,
				679AA48C19EBD9FD00E671CE /* dragviewcellcornerdel@3x.png in Resources */,
				679AA4A619EBD9FD00E671CE /* 3f48b2e2d826f6aa8299e6c06542b3fb.jpg in Resources */,
				679AA4A219EBD9FD00E671CE /* 38bac663b10191ab9ae2610d3bf54723.jpg in Resources */,
				679AA4A119EBD9FD00E671CE /* 33d577554dce3e5ba2ab97ec8db4dd55.jpg in Resources */,
				679AA4A919EBD9FD00E671CE /* 43b60bbda56118a2c943df1f18f19840.jpg in Resources */,
				679AA49E19EBD9FD00E671CE /* 2e04fc8f5b6c6c142896c7deae2008d1.jpg in Resources */,
				679AA4AB19EBD9FD00E671CE /* 45ce75f8665a534e9418bc545684b33d.jpg in Resources */,
				679AA49319EBD9FD00E671CE /* 13.jpg in Resources */,
				679AA4A719EBD9FD00E671CE /* 4.jpg in Resources */,
				679AA4A419EBD9FD00E671CE /* 3beaa56cdb996455dd9a7dfadf3fbd22.jpg in Resources */,
				6713A87919D90EAC00FFFACC /* Main.storyboard in Resources */,
				679AA4C519EBD9FD00E671CE /* 9c6df4ed9d55b08ce2eea8d86aac2b5d.jpg in Resources */,
				679AA49019EBD9FD00E671CE /* 10bd7139981e926de710da1b088cb2ba.jpg in Resources */,
				679AA4B219EBD9FD00E671CE /* 56c3e9a1d188a4405fdb772fdf36c18a.jpg in Resources */,
				679AA4B419EBD9FD00E671CE /* 5cf9188fbe64f7e69d330b5dfa79e25f.jpg in Resources */,
				679AA4B919EBD9FD00E671CE /* 6bfcc013bd5cb05a42039a4c343e981b.jpg in Resources */,
				679AA4BE19EBD9FD00E671CE /* 7e4f1a5b830194eb174edb93c03b21d4.jpg in Resources */,
				679AA4AC19EBD9FD00E671CE /* 4c88dc9bc5ebe2414a4427463d05a6d5.jpg in Resources */,
				679AA4B319EBD9FD00E671CE /* 5a0178fd2b83ad97fa3512d37182e0b3.jpg in Resources */,
				679AA3BA19E51D5D00E671CE /* RMLongTouchMoveOrRemoveViewController.xib in Resources */,
				679AA4C419EBD9FD00E671CE /* 9c57e2f9c21ad22909c484c8133ca2b9.jpg in Resources */,
				6713A87E19D90EAC00FFFACC /* LaunchScreen.xib in Resources */,
				679AA49819EBD9FD00E671CE /* 1d5629d58bd10feb5ee7f2784c31e3ae.jpg in Resources */,
				679AA4C319EBD9FD00E671CE /* 9b2a79d218c2284a6195e1d4d88a2b00.jpg in Resources */,
				679AA49519EBD9FD00E671CE /* 15.jpg in Resources */,
				679AA4BB19EBD9FD00E671CE /* 7.jpg in Resources */,
				679AA4AD19EBD9FD00E671CE /* 4f7360d49b5006734f2addc57807c17d.jpg in Resources */,
				679AA49A19EBD9FD00E671CE /* 2.jpg in Resources */,
				679AA49119EBD9FD00E671CE /* 11.jpg in Resources */,
				679AA49B19EBD9FD00E671CE /* 21ac9dd69205e796045fabb81fdc725c.jpg in Resources */,
				679AA4BD19EBD9FD00E671CE /* 7dae0c1b49741124e40b3ddf40190fbb.jpg in Resources */,
				679AA48D19EBD9FD00E671CE /* 08f9ab6f13f9f0ecacd9638f655b393c.jpg in Resources */,
				679AA4B119EBD9FD00E671CE /* 54b673bd934bb94f2cbc526a91e8f85e.jpg in Resources */,
				679AA4A519EBD9FD00E671CE /* 3cfc22956c6275d8bd95a45c84075309.jpg in Resources */,
				679AA4C619EBD9FD00E671CE /* 9e8efbbd9e88558baf8cd5c13df8b852.jpg in Resources */,
				679AA49F19EBD9FD00E671CE /* 3.jpg in Resources */,
				679AA49C19EBD9FD00E671CE /* 29bae65f220b1f94b7aedf7963e36579.jpg in Resources */,
				679AA49619EBD9FD00E671CE /* 16.jpg in Resources */,
				679AA49919EBD9FD00E671CE /* 1f775bdbe9a5d57a19a487cc3b50a7f0.jpg in Resources */,
				6713A87B19D90EAC00FFFACC /* Images.xcassets in Resources */,
				679AA49719EBD9FD00E671CE /* 17ac84ea4167e5f77e912ded33f82034.jpg in Resources */,
				679AA4C119EBD9FD00E671CE /* 8ca80930867ab1d358f254c4561a885d.jpg in Resources */,
				679AA4B019EBD9FD00E671CE /* 53a2c3ad4cd3c31ae769eff8b73ac8c6.jpg in Resources */,
				679AA4BF19EBD9FD00E671CE /* 7f07a628074d76065893cdaf976522ec.jpg in Resources */,
				679AA4AA19EBD9FD00E671CE /* 43d8f261456b0a0147ec1f8fa62633a3.jpg in Resources */,
				679AA4B619EBD9FD00E671CE /* 5f490901e01b3353404ee57048528c9f.jpg in Resources */,
				679AA4A319EBD9FD00E671CE /* 38c002628fc78966a03d8708af15990a.jpg in Resources */,
				679AA4AE19EBD9FD00E671CE /* 5.jpg in Resources */,
				679AA49219EBD9FD00E671CE /* 12.jpg in Resources */,
				679AA4BA19EBD9FD00E671CE /* 6f4401854dab34c732ac6afaeb78e09a.jpg in Resources */,
				679AA4A019EBD9FD00E671CE /* 32c70c5e92decd8bca2d51b0243506f5.jpg in Resources */,
				679AA4B719EBD9FD00E671CE /* 6.jpg in Resources */,
				679AA4A819EBD9FD00E671CE /* 40becaf23a3bacf51781ea33c9d25651.jpg in Resources */,
				679AA4BC19EBD9FD00E671CE /* 7cc63f1f1e8ccddf652578d093aadd51.jpg in Resources */,
				679AA48F19EBD9FD00E671CE /* 10.jpg in Resources */,
				679AA4AF19EBD9FD00E671CE /* 52ea8fd7e263f800495693a82512ef58.jpg in Resources */,
				679AA4B519EBD9FD00E671CE /* 5daece88857da2480afe881e6861e40e.jpg in Resources */,
				679AA4C219EBD9FD00E671CE /* 9.jpg in Resources */,
				679AA4B819EBD9FD00E671CE /* 67ca3a363465a549cc4abfcc0a38d3fe.jpg in Resources */,
				679AA48E19EBD9FD00E671CE /* 1.jpg in Resources */,
			);
			runOnlyForDeploymentPostprocessing = 0;
		};
		6713A88119D90EAD00FFFACC /* Resources */ = {
			isa = PBXResourcesBuildPhase;
			buildActionMask = 2147483647;
			files = (
			);
			runOnlyForDeploymentPostprocessing = 0;
		};
/* End PBXResourcesBuildPhase section */

/* Begin PBXSourcesBuildPhase section */
		6713A86319D90EAC00FFFACC /* Sources */ = {
			isa = PBXSourcesBuildPhase;
			buildActionMask = 2147483647;
			files = (
				679AA3BE19E51E8E00E671CE /* RMCommonFunc.m in Sources */,
				679AA3B819E519EA00E671CE /* RMLongTouchMoveOrRemoveViewController.m in Sources */,
				679AA44D19EBD16C00E671CE /* RMIndexPath.m in Sources */,
				679AA3D119E630E200E671CE /* RMDraggableViewCell.m in Sources */,
				6713A87019D90EAC00FFFACC /* AppDelegate.m in Sources */,
				679AA3C619E5245200E671CE /* RMDynamicClassMod.m in Sources */,
				679AA3B419E4F55100E671CE /* RMToolsViewController.m in Sources */,
				6713A86D19D90EAC00FFFACC /* main.m in Sources */,
				679AA3B319E4F55100E671CE /* RMDemosViewController.m in Sources */,
				679AA3CE19E5438100E671CE /* RMDraggableView.m in Sources */,
			);
			runOnlyForDeploymentPostprocessing = 0;
		};
		6713A87F19D90EAD00FFFACC /* Sources */ = {
			isa = PBXSourcesBuildPhase;
			buildActionMask = 2147483647;
			files = (
				6713A88A19D90EAD00FFFACC /* UltimatePracticeTests.m in Sources */,
			);
			runOnlyForDeploymentPostprocessing = 0;
		};
/* End PBXSourcesBuildPhase section */

/* Begin PBXTargetDependency section */
		6713A88519D90EAD00FFFACC /* PBXTargetDependency */ = {
			isa = PBXTargetDependency;
			target = 6713A86619D90EAC00FFFACC /* UltimatePractice */;
			targetProxy = 6713A88419D90EAD00FFFACC /* PBXContainerItemProxy */;
		};
/* End PBXTargetDependency section */

/* Begin PBXVariantGroup section */
		6713A87719D90EAC00FFFACC /* Main.storyboard */ = {
			isa = PBXVariantGroup;
			children = (
				6713A87819D90EAC00FFFACC /* Base */,
			);
			name = Main.storyboard;
			sourceTree = "<group>";
		};
		6713A87C19D90EAC00FFFACC /* LaunchScreen.xib */ = {
			isa = PBXVariantGroup;
			children = (
				6713A87D19D90EAC00FFFACC /* Base */,
			);
			name = LaunchScreen.xib;
			sourceTree = "<group>";
		};
/* End PBXVariantGroup section */

/* Begin XCBuildConfiguration section */
		6713A88B19D90EAD00FFFACC /* Debug */ = {
			isa = XCBuildConfiguration;
			buildSettings = {
				ALWAYS_SEARCH_USER_PATHS = NO;
				CLANG_CXX_LANGUAGE_STANDARD = "gnu++0x";
				CLANG_CXX_LIBRARY = "libc++";
				CLANG_ENABLE_MODULES = YES;
				CLANG_ENABLE_OBJC_ARC = YES;
				CLANG_WARN_BOOL_CONVERSION = YES;
				CLANG_WARN_CONSTANT_CONVERSION = YES;
				CLANG_WARN_DIRECT_OBJC_ISA_USAGE = YES_ERROR;
				CLANG_WARN_EMPTY_BODY = YES;
				CLANG_WARN_ENUM_CONVERSION = YES;
				CLANG_WARN_INT_CONVERSION = YES;
				CLANG_WARN_OBJC_ROOT_CLASS = YES_ERROR;
				CLANG_WARN_UNREACHABLE_CODE = YES;
				CLANG_WARN__DUPLICATE_METHOD_MATCH = YES;
				"CODE_SIGN_IDENTITY[sdk=iphoneos*]" = "iPhone Developer";
				COPY_PHASE_STRIP = NO;
				ENABLE_STRICT_OBJC_MSGSEND = YES;
				GCC_C_LANGUAGE_STANDARD = gnu99;
				GCC_DYNAMIC_NO_PIC = NO;
				GCC_OPTIMIZATION_LEVEL = 0;
				GCC_PREPROCESSOR_DEFINITIONS = (
					"DEBUG=1",
					"$(inherited)",
				);
				GCC_SYMBOLS_PRIVATE_EXTERN = NO;
				GCC_WARN_64_TO_32_BIT_CONVERSION = YES;
				GCC_WARN_ABOUT_RETURN_TYPE = YES_ERROR;
				GCC_WARN_UNDECLARED_SELECTOR = YES;
				GCC_WARN_UNINITIALIZED_AUTOS = YES_AGGRESSIVE;
				GCC_WARN_UNUSED_FUNCTION = YES;
				GCC_WARN_UNUSED_VARIABLE = YES;
				IPHONEOS_DEPLOYMENT_TARGET = 8.0;
				MTL_ENABLE_DEBUG_INFO = YES;
				ONLY_ACTIVE_ARCH = YES;
				SDKROOT = iphoneos;
				TARGETED_DEVICE_FAMILY = "1,2";
			};
			name = Debug;
		};
		6713A88C19D90EAD00FFFACC /* Release */ = {
			isa = XCBuildConfiguration;
			buildSettings = {
				ALWAYS_SEARCH_USER_PATHS = NO;
				CLANG_CXX_LANGUAGE_STANDARD = "gnu++0x";
				CLANG_CXX_LIBRARY = "libc++";
				CLANG_ENABLE_MODULES = YES;
				CLANG_ENABLE_OBJC_ARC = YES;
				CLANG_WARN_BOOL_CONVERSION = YES;
				CLANG_WARN_CONSTANT_CONVERSION = YES;
				CLANG_WARN_DIRECT_OBJC_ISA_USAGE = YES_ERROR;
				CLANG_WARN_EMPTY_BODY = YES;
				CLANG_WARN_ENUM_CONVERSION = YES;
				CLANG_WARN_INT_CONVERSION = YES;
				CLANG_WARN_OBJC_ROOT_CLASS = YES_ERROR;
				CLANG_WARN_UNREACHABLE_CODE = YES;
				CLANG_WARN__DUPLICATE_METHOD_MATCH = YES;
				"CODE_SIGN_IDENTITY[sdk=iphoneos*]" = "iPhone Developer";
				COPY_PHASE_STRIP = YES;
				ENABLE_NS_ASSERTIONS = NO;
				ENABLE_STRICT_OBJC_MSGSEND = YES;
				GCC_C_LANGUAGE_STANDARD = gnu99;
				GCC_WARN_64_TO_32_BIT_CONVERSION = YES;
				GCC_WARN_ABOUT_RETURN_TYPE = YES_ERROR;
				GCC_WARN_UNDECLARED_SELECTOR = YES;
				GCC_WARN_UNINITIALIZED_AUTOS = YES_AGGRESSIVE;
				GCC_WARN_UNUSED_FUNCTION = YES;
				GCC_WARN_UNUSED_VARIABLE = YES;
				IPHONEOS_DEPLOYMENT_TARGET = 8.0;
				MTL_ENABLE_DEBUG_INFO = NO;
				SDKROOT = iphoneos;
				TARGETED_DEVICE_FAMILY = "1,2";
				VALIDATE_PRODUCT = YES;
			};
			name = Release;
		};
		6713A88E19D90EAD00FFFACC /* Debug */ = {
			isa = XCBuildConfiguration;
			buildSettings = {
				ASSETCATALOG_COMPILER_APPICON_NAME = AppIcon;
				"CODE_SIGN_IDENTITY[sdk=iphoneos*]" = "iPhone Developer: Kailiang Liu (DEU5UF8KH8)";
				INFOPLIST_FILE = UltimatePractice/Info.plist;
				IPHONEOS_DEPLOYMENT_TARGET = 8.0;
				LD_RUNPATH_SEARCH_PATHS = "$(inherited) @executable_path/Frameworks";
				PRODUCT_NAME = "$(TARGET_NAME)";
				PROVISIONING_PROFILE = "66cb76b7-baff-4bd6-9dc9-e5665a4adc61";
			};
			name = Debug;
		};
		6713A88F19D90EAD00FFFACC /* Release */ = {
			isa = XCBuildConfiguration;
			buildSettings = {
				ASSETCATALOG_COMPILER_APPICON_NAME = AppIcon;
				INFOPLIST_FILE = UltimatePractice/Info.plist;
				IPHONEOS_DEPLOYMENT_TARGET = 8.0;
				LD_RUNPATH_SEARCH_PATHS = "$(inherited) @executable_path/Frameworks";
				PRODUCT_NAME = "$(TARGET_NAME)";
				PROVISIONING_PROFILE = "66cb76b7-baff-4bd6-9dc9-e5665a4adc61";
			};
			name = Release;
		};
		6713A89119D90EAD00FFFACC /* Debug */ = {
			isa = XCBuildConfiguration;
			buildSettings = {
				BUNDLE_LOADER = "$(TEST_HOST)";
				FRAMEWORK_SEARCH_PATHS = (
					"$(SDKROOT)/Developer/Library/Frameworks",
					"$(inherited)",
				);
				GCC_PREPROCESSOR_DEFINITIONS = (
					"DEBUG=1",
					"$(inherited)",
				);
				INFOPLIST_FILE = UltimatePracticeTests/Info.plist;
				LD_RUNPATH_SEARCH_PATHS = "$(inherited) @executable_path/Frameworks @loader_path/Frameworks";
				PRODUCT_NAME = "$(TARGET_NAME)";
				TEST_HOST = "$(BUILT_PRODUCTS_DIR)/UltimatePractice.app/UltimatePractice";
			};
			name = Debug;
		};
		6713A89219D90EAD00FFFACC /* Release */ = {
			isa = XCBuildConfiguration;
			buildSettings = {
				BUNDLE_LOADER = "$(TEST_HOST)";
				FRAMEWORK_SEARCH_PATHS = (
					"$(SDKROOT)/Developer/Library/Frameworks",
					"$(inherited)",
				);
				INFOPLIST_FILE = UltimatePracticeTests/Info.plist;
				LD_RUNPATH_SEARCH_PATHS = "$(inherited) @executable_path/Frameworks @loader_path/Frameworks";
				PRODUCT_NAME = "$(TARGET_NAME)";
				TEST_HOST = "$(BUILT_PRODUCTS_DIR)/UltimatePractice.app/UltimatePractice";
			};
			name = Release;
		};
/* End XCBuildConfiguration section */

/* Begin XCConfigurationList section */
		6713A86219D90EAC00FFFACC /* Build configuration list for PBXProject "UltimatePractice" */ = {
			isa = XCConfigurationList;
			buildConfigurations = (
				6713A88B19D90EAD00FFFACC /* Debug */,
				6713A88C19D90EAD00FFFACC /* Release */,
			);
			defaultConfigurationIsVisible = 0;
			defaultConfigurationName = Release;
		};
		6713A88D19D90EAD00FFFACC /* Build configuration list for PBXNativeTarget "UltimatePractice" */ = {
			isa = XCConfigurationList;
			buildConfigurations = (
				6713A88E19D90EAD00FFFACC /* Debug */,
				6713A88F19D90EAD00FFFACC /* Release */,
			);
			defaultConfigurationIsVisible = 0;
			defaultConfigurationName = Release;
		};
		6713A89019D90EAD00FFFACC /* Build configuration list for PBXNativeTarget "UltimatePracticeTests" */ = {
			isa = XCConfigurationList;
			buildConfigurations = (
				6713A89119D90EAD00FFFACC /* Debug */,
				6713A89219D90EAD00FFFACC /* Release */,
			);
			defaultConfigurationIsVisible = 0;
			defaultConfigurationName = Release;
		};
/* End XCConfigurationList section */
	};
	rootObject = 6713A85F19D90EAC00FFFACC /* Project object */;
}
